
Microsoft Visual Studio Solution File, Format Version 12.00
Project("{FAE04EC0-301F-11D3-BF4B-00C04F79EFBC}") = "NG.DomainEvents.Example", "NG.DomainEvents.Example\NG.DomainEvents.Example.csproj", "{0C5FAAB9-0E95-43B6-B845-FAB234D0900D}"
EndProject
Project("{FAE04EC0-301F-11D3-BF4B-00C04F79EFBC}") = "NG.DomainEvents.Tests", "NG.DomainEvents.Tests\NG.DomainEvents.Tests.csproj", "{A4189DDF-AA74-4713-960B-45CEEA9C1AB6}"
EndProject
Project("{FAE04EC0-301F-11D3-BF4B-00C04F79EFBC}") = "NG.DomainEvents", "NG.DomainEvents\NG.DomainEvents.csproj", "{22CA35DC-5342-4C31-8EB7-B58C3B2D94B0}"
EndProject
Global
	GlobalSection(SolutionConfigurationPlatforms) = preSolution
		Debug|Any CPU = Debug|Any CPU
		Release|Any CPU = Release|Any CPU
	EndGlobalSection
	GlobalSection(ProjectConfigurationPlatforms) = postSolution
		{0C5FAAB9-0E95-43B6-B845-FAB234D0900D}.Debug|Any CPU.ActiveCfg = Debug|Any CPU
		{0C5FAAB9-0E95-43B6-B845-FAB234D0900D}.Debug|Any CPU.Build.0 = Debug|Any CPU
		{0C5FAAB9-0E95-43B6-B845-FAB234D0900D}.Release|Any CPU.ActiveCfg = Release|Any CPU
		{0C5FAAB9-0E95-43B6-B845-FAB234D0900D}.Release|Any CPU.Build.0 = Release|Any CPU
		{A4189DDF-AA74-4713-960B-45CEEA9C1AB6}.Debug|Any CPU.ActiveCfg = Debug|Any CPU
		{A4189DDF-AA74-4713-960B-45CEEA9C1AB6}.Debug|Any CPU.Build.0 = Debug|Any CPU
		{A4189DDF-AA74-4713-960B-45CEEA9C1AB6}.Release|Any CPU.ActiveCfg = Release|Any CPU
		{A4189DDF-AA74-4713-960B-45CEEA9C1AB6}.Release|Any CPU.Build.0 = Release|Any CPU
		{22CA35DC-5342-4C31-8EB7-B58C3B2D94B0}.Debug|Any CPU.ActiveCfg = Debug|Any CPU
		{22CA35DC-5342-4C31-8EB7-B58C3B2D94B0}.Debug|Any CPU.Build.0 = Debug|Any CPU
		{22CA35DC-5342-4C31-8EB7-B58C3B2D94B0}.Release|Any CPU.ActiveCfg = Release|Any CPU
		{22CA35DC-5342-4C31-8EB7-B58C3B2D94B0}.Release|Any CPU.Build.0 = Release|Any CPU
	EndGlobalSection
EndGlobal
